
Microsoft Visual Studio Solution File, Format Version 12.00
# Visual Studio 15
VisualStudioVersion = 15.0.26228.4
MinimumVisualStudioVersion = 10.0.40219.1
Project("{FAE04EC0-301F-11D3-BF4B-00C04F79EFBC}") = "test", "test.csproj", "{38F7B451-D0DB-4FAE-A894-59EFB37A229C}"
EndProject
Global
	GlobalSection(SolutionConfigurationPlatforms) = preSolution
		Debug|Any CPU = Debug|Any CPU
		Release|Any CPU = Release|Any CPU
	EndGlobalSection
	GlobalSection(ProjectConfigurationPlatforms) = postSolution
		{38F7B451-D0DB-4FAE-A894-59EFB37A229C}.Debug|Any CPU.ActiveCfg = Debug|Any CPU
		{38F7B451-D0DB-4FAE-A894-59EFB37A229C}.Debug|Any CPU.Build.0 = Debug|Any CPU
		{38F7B451-D0DB-4FAE-A894-59EFB37A229C}.Release|Any CPU.ActiveCfg = Release|Any CPU
		{38F7B451-D0DB-4FAE-A894-59EFB37A229C}.Release|Any CPU.Build.0 = Release|Any CPU
	EndGlobalSection
	GlobalSection(SolutionProperties) = preSolution
		HideSolutionNode = FALSE
	EndGlobalSection
EndGlobal
